{
  "name": "contracts",
  "version": "1.0.0",
  "lockfileVersion": 3,
  "requires": true,
  "packages": {
    "": {
      "name": "contracts",
      "version": "1.0.0",
      "license": "ISC",
      "dependencies": {
        "@openzeppelin/contracts": "^5.0.2"
      },
      "devDependencies": {}
    },
    "node_modules/@openzeppelin/contracts": {
      "version": "5.0.2",
      "resolved": "https://registry.npmjs.org/@openzeppelin/contracts/-/contracts-5.0.2.tgz",
      "integrity": "sha512-ytPc6eLGcHHnapAZ9S+5qsdomhjo6QBHTDRRBFfTxXIpsicMhVPouPgmUPebZZZGX7vt9USA+Z+0M0dSVtSUEA=="
    }
  }
}
